
Microsoft Visual Studio Solution File, Format Version 12.00
# Visual Studio Version 17
VisualStudioVersion = 17.14.36127.28
MinimumVisualStudioVersion = 10.0.40219.1
Project("{FAE04EC0-301F-11D3-BF4B-00C04F79EFBC}") = "clypse.core", "clypse.core\clypse.core.csproj", "{87944EA8-C122-4283-B5FB-F58A0FC78575}"
EndProject
Project("{FAE04EC0-301F-11D3-BF4B-00C04F79EFBC}") = "clypse.core.UnitTests", "clypse.core.UnitTests\clypse.core.UnitTests.csproj", "{73782589-C78B-40D8-95A2-4C0C3D67240E}"
EndProject
Project("{2150E333-8FDC-42A3-9474-1A3956D46DE8}") = "Tests", "Tests", "{02EA681E-C7D8-13C7-8484-4AC65E1B71E8}"
EndProject
Global
	GlobalSection(SolutionConfigurationPlatforms) = preSolution
		Debug|Any CPU = Debug|Any CPU
		Release|Any CPU = Release|Any CPU
	EndGlobalSection
	GlobalSection(ProjectConfigurationPlatforms) = postSolution
		{87944EA8-C122-4283-B5FB-F58A0FC78575}.Debug|Any CPU.ActiveCfg = Debug|Any CPU
		{87944EA8-C122-4283-B5FB-F58A0FC78575}.Debug|Any CPU.Build.0 = Debug|Any CPU
		{87944EA8-C122-4283-B5FB-F58A0FC78575}.Release|Any CPU.ActiveCfg = Release|Any CPU
		{87944EA8-C122-4283-B5FB-F58A0FC78575}.Release|Any CPU.Build.0 = Release|Any CPU
		{73782589-C78B-40D8-95A2-4C0C3D67240E}.Debug|Any CPU.ActiveCfg = Debug|Any CPU
		{73782589-C78B-40D8-95A2-4C0C3D67240E}.Debug|Any CPU.Build.0 = Debug|Any CPU
		{73782589-C78B-40D8-95A2-4C0C3D67240E}.Release|Any CPU.ActiveCfg = Release|Any CPU
		{73782589-C78B-40D8-95A2-4C0C3D67240E}.Release|Any CPU.Build.0 = Release|Any CPU
	EndGlobalSection
	GlobalSection(SolutionProperties) = preSolution
		HideSolutionNode = FALSE
	EndGlobalSection
	GlobalSection(NestedProjects) = preSolution
		{73782589-C78B-40D8-95A2-4C0C3D67240E} = {02EA681E-C7D8-13C7-8484-4AC65E1B71E8}
	EndGlobalSection
	GlobalSection(ExtensibilityGlobals) = postSolution
		SolutionGuid = {234CE61D-11A8-4ABB-BE55-10C28007EE2A}
	EndGlobalSection
EndGlobal
